// !$*UTF8*$!
{
	archiveVersion = 1;
	classes = {
	};
	objectVersion = 50;
	objects = {

/* Begin PBXBuildFile section */
		2516203224936C020047B7AE /* ExploreCollectionViewCell.swift in Sources */ = {isa = PBXBuildFile; fileRef = 2516203024936C020047B7AE /* ExploreCollectionViewCell.swift */; };
		2516203324936C020047B7AE /* ExploreCollectionViewCell.xib in Resources */ = {isa = PBXBuildFile; fileRef = 2516203124936C020047B7AE /* ExploreCollectionViewCell.xib */; };
		25162036249380BA0047B7AE /* MountainsCollectionViewCell.swift in Sources */ = {isa = PBXBuildFile; fileRef = 25162034249380BA0047B7AE /* MountainsCollectionViewCell.swift */; };
		25162037249380BA0047B7AE /* MountainsCollectionViewCell.xib in Resources */ = {isa = PBXBuildFile; fileRef = 25162035249380BA0047B7AE /* MountainsCollectionViewCell.xib */; };
		2516203D249392E60047B7AE /* BeachCollectionViewCell.swift in Sources */ = {isa = PBXBuildFile; fileRef = 2516203B249392E60047B7AE /* BeachCollectionViewCell.swift */; };
		2516203E249392E60047B7AE /* BeachCollectionViewCell.xib in Resources */ = {isa = PBXBuildFile; fileRef = 2516203C249392E60047B7AE /* BeachCollectionViewCell.xib */; };
		251620462493DB950047B7AE /* HeaderTableViewCell.swift in Sources */ = {isa = PBXBuildFile; fileRef = 251620442493DB950047B7AE /* HeaderTableViewCell.swift */; };
		251620472493DB950047B7AE /* HeaderTableViewCell.xib in Resources */ = {isa = PBXBuildFile; fileRef = 251620452493DB950047B7AE /* HeaderTableViewCell.xib */; };
		2516204A2493DBA50047B7AE /* WhatsNextTableViewCell.swift in Sources */ = {isa = PBXBuildFile; fileRef = 251620482493DBA50047B7AE /* WhatsNextTableViewCell.swift */; };
		2516204B2493DBA50047B7AE /* WhatsNextTableViewCell.xib in Resources */ = {isa = PBXBuildFile; fileRef = 251620492493DBA50047B7AE /* WhatsNextTableViewCell.xib */; };
		2516204E2493DBB40047B7AE /* MyCollectionsTableViewCell.swift in Sources */ = {isa = PBXBuildFile; fileRef = 2516204C2493DBB40047B7AE /* MyCollectionsTableViewCell.swift */; };
		2516204F2493DBB40047B7AE /* MyCollectionsTableViewCell.xib in Resources */ = {isa = PBXBuildFile; fileRef = 2516204D2493DBB40047B7AE /* MyCollectionsTableViewCell.xib */; };
		25432500248F9C7400452180 /* AppDelegate.swift in Sources */ = {isa = PBXBuildFile; fileRef = 254324FF248F9C7400452180 /* AppDelegate.swift */; };
		25432502248F9C7400452180 /* SceneDelegate.swift in Sources */ = {isa = PBXBuildFile; fileRef = 25432501248F9C7400452180 /* SceneDelegate.swift */; };
		25432504248F9C7400452180 /* ViewController.swift in Sources */ = {isa = PBXBuildFile; fileRef = 25432503248F9C7400452180 /* ViewController.swift */; };
		25432507248F9C7400452180 /* Main.storyboard in Resources */ = {isa = PBXBuildFile; fileRef = 25432505248F9C7400452180 /* Main.storyboard */; };
		25432509248F9C7600452180 /* Assets.xcassets in Resources */ = {isa = PBXBuildFile; fileRef = 25432508248F9C7600452180 /* Assets.xcassets */; };
		2543250C248F9C7600452180 /* LaunchScreen.storyboard in Resources */ = {isa = PBXBuildFile; fileRef = 2543250A248F9C7600452180 /* LaunchScreen.storyboard */; };
		25B463F824913B5C00ED5771 /* Explore.storyboard in Resources */ = {isa = PBXBuildFile; fileRef = 25B463F724913B5C00ED5771 /* Explore.storyboard */; };
		25B463FC2491F7CF00ED5771 /* TabBar.storyboard in Resources */ = {isa = PBXBuildFile; fileRef = 25B463FB2491F7CF00ED5771 /* TabBar.storyboard */; };
		25B464002491F96600ED5771 /* Collection.storyboard in Resources */ = {isa = PBXBuildFile; fileRef = 25B463FF2491F96600ED5771 /* Collection.storyboard */; };
		25B464022491F96F00ED5771 /* CollectionViewController.swift in Sources */ = {isa = PBXBuildFile; fileRef = 25B464012491F96F00ED5771 /* CollectionViewController.swift */; };
		25B464042492020E00ED5771 /* ImgExploreCollectionViewCell.swift in Sources */ = {isa = PBXBuildFile; fileRef = 25B464032492020E00ED5771 /* ImgExploreCollectionViewCell.swift */; };
		25B4642624935FBB00ED5771 /* ExploreViewController.swift in Sources */ = {isa = PBXBuildFile; fileRef = 25B4642524935FBB00ED5771 /* ExploreViewController.swift */; };
		25B4642C2493620400ED5771 /* Explore1TableViewCell.swift in Sources */ = {isa = PBXBuildFile; fileRef = 25B4642A2493620400ED5771 /* Explore1TableViewCell.swift */; };
		25B4642D2493620400ED5771 /* Explore1TableViewCell.xib in Resources */ = {isa = PBXBuildFile; fileRef = 25B4642B2493620400ED5771 /* Explore1TableViewCell.xib */; };
		25B464302493622800ED5771 /* MountainsTableViewCell.swift in Sources */ = {isa = PBXBuildFile; fileRef = 25B4642E2493622800ED5771 /* MountainsTableViewCell.swift */; };
		25B464312493622800ED5771 /* MountainsTableViewCell.xib in Resources */ = {isa = PBXBuildFile; fileRef = 25B4642F2493622800ED5771 /* MountainsTableViewCell.xib */; };
		25B464342493623A00ED5771 /* BeachTableViewCell.swift in Sources */ = {isa = PBXBuildFile; fileRef = 25B464322493623A00ED5771 /* BeachTableViewCell.swift */; };
		25B464352493623A00ED5771 /* BeachTableViewCell.xib in Resources */ = {isa = PBXBuildFile; fileRef = 25B464332493623A00ED5771 /* BeachTableViewCell.xib */; };
		25EFAF542494BADD008CD05C /* WhatsNextCollectionViewCell.swift in Sources */ = {isa = PBXBuildFile; fileRef = 25EFAF522494BADD008CD05C /* WhatsNextCollectionViewCell.swift */; };
		25EFAF552494BADD008CD05C /* WhatsNextCollectionViewCell.xib in Resources */ = {isa = PBXBuildFile; fileRef = 25EFAF532494BADD008CD05C /* WhatsNextCollectionViewCell.xib */; };
		25EFAF582494BE6E008CD05C /* MyCollectionViewCell.swift in Sources */ = {isa = PBXBuildFile; fileRef = 25EFAF562494BE6E008CD05C /* MyCollectionViewCell.swift */; };
		25EFAF592494BE6E008CD05C /* MyCollectionViewCell.xib in Resources */ = {isa = PBXBuildFile; fileRef = 25EFAF572494BE6E008CD05C /* MyCollectionViewCell.xib */; };
		25EFAF5B2494D500008CD05C /* TabBarViewController.swift in Sources */ = {isa = PBXBuildFile; fileRef = 25EFAF5A2494D500008CD05C /* TabBarViewController.swift */; };
		713F1B2A249216C900519D6A /* Slide.swift in Sources */ = {isa = PBXBuildFile; fileRef = 713F1B29249216C900519D6A /* Slide.swift */; };
		713F1B2C249216F900519D6A /* Slide.xib in Resources */ = {isa = PBXBuildFile; fileRef = 713F1B2B249216F900519D6A /* Slide.xib */; };
		71C541212493965100FAB901 /* heavy0rain.wav in Resources */ = {isa = PBXBuildFile; fileRef = 71C541202493965100FAB901 /* heavy0rain.wav */; };
		71E1A22E249266FB002360B5 /* AudioStory.storyboard in Resources */ = {isa = PBXBuildFile; fileRef = 71E1A22D249266FB002360B5 /* AudioStory.storyboard */; };
		71E1A23024926735002360B5 /* AudioStoryController.swift in Sources */ = {isa = PBXBuildFile; fileRef = 71E1A22F24926735002360B5 /* AudioStoryController.swift */; };
/* End PBXBuildFile section */

/* Begin PBXFileReference section */
		2516203024936C020047B7AE /* ExploreCollectionViewCell.swift */ = {isa = PBXFileReference; lastKnownFileType = sourcecode.swift; path = ExploreCollectionViewCell.swift; sourceTree = "<group>"; };
		2516203124936C020047B7AE /* ExploreCollectionViewCell.xib */ = {isa = PBXFileReference; lastKnownFileType = file.xib; path = ExploreCollectionViewCell.xib; sourceTree = "<group>"; };
		25162034249380BA0047B7AE /* MountainsCollectionViewCell.swift */ = {isa = PBXFileReference; lastKnownFileType = sourcecode.swift; path = MountainsCollectionViewCell.swift; sourceTree = "<group>"; };
		25162035249380BA0047B7AE /* MountainsCollectionViewCell.xib */ = {isa = PBXFileReference; lastKnownFileType = file.xib; path = MountainsCollectionViewCell.xib; sourceTree = "<group>"; };
		2516203B249392E60047B7AE /* BeachCollectionViewCell.swift */ = {isa = PBXFileReference; lastKnownFileType = sourcecode.swift; path = BeachCollectionViewCell.swift; sourceTree = "<group>"; };
		2516203C249392E60047B7AE /* BeachCollectionViewCell.xib */ = {isa = PBXFileReference; lastKnownFileType = file.xib; path = BeachCollectionViewCell.xib; sourceTree = "<group>"; };
		251620442493DB950047B7AE /* HeaderTableViewCell.swift */ = {isa = PBXFileReference; lastKnownFileType = sourcecode.swift; path = HeaderTableViewCell.swift; sourceTree = "<group>"; };
		251620452493DB950047B7AE /* HeaderTableViewCell.xib */ = {isa = PBXFileReference; lastKnownFileType = file.xib; path = HeaderTableViewCell.xib; sourceTree = "<group>"; };
		251620482493DBA50047B7AE /* WhatsNextTableViewCell.swift */ = {isa = PBXFileReference; lastKnownFileType = sourcecode.swift; path = WhatsNextTableViewCell.swift; sourceTree = "<group>"; };
		251620492493DBA50047B7AE /* WhatsNextTableViewCell.xib */ = {isa = PBXFileReference; lastKnownFileType = file.xib; path = WhatsNextTableViewCell.xib; sourceTree = "<group>"; };
		2516204C2493DBB40047B7AE /* MyCollectionsTableViewCell.swift */ = {isa = PBXFileReference; lastKnownFileType = sourcecode.swift; path = MyCollectionsTableViewCell.swift; sourceTree = "<group>"; };
		2516204D2493DBB40047B7AE /* MyCollectionsTableViewCell.xib */ = {isa = PBXFileReference; lastKnownFileType = file.xib; path = MyCollectionsTableViewCell.xib; sourceTree = "<group>"; };
		254324FC248F9C7400452180 /* NanoChallenge3.app */ = {isa = PBXFileReference; explicitFileType = wrapper.application; includeInIndex = 0; path = NanoChallenge3.app; sourceTree = BUILT_PRODUCTS_DIR; };
		254324FF248F9C7400452180 /* AppDelegate.swift */ = {isa = PBXFileReference; lastKnownFileType = sourcecode.swift; path = AppDelegate.swift; sourceTree = "<group>"; };
		25432501248F9C7400452180 /* SceneDelegate.swift */ = {isa = PBXFileReference; lastKnownFileType = sourcecode.swift; path = SceneDelegate.swift; sourceTree = "<group>"; };
		25432503248F9C7400452180 /* ViewController.swift */ = {isa = PBXFileReference; lastKnownFileType = sourcecode.swift; path = ViewController.swift; sourceTree = "<group>"; };
		25432506248F9C7400452180 /* Base */ = {isa = PBXFileReference; lastKnownFileType = file.storyboard; name = Base; path = Base.lproj/Main.storyboard; sourceTree = "<group>"; };
		25432508248F9C7600452180 /* Assets.xcassets */ = {isa = PBXFileReference; lastKnownFileType = folder.assetcatalog; path = Assets.xcassets; sourceTree = "<group>"; };
		2543250B248F9C7600452180 /* Base */ = {isa = PBXFileReference; lastKnownFileType = file.storyboard; name = Base; path = Base.lproj/LaunchScreen.storyboard; sourceTree = "<group>"; };
		2543250D248F9C7600452180 /* Info.plist */ = {isa = PBXFileReference; lastKnownFileType = text.plist.xml; path = Info.plist; sourceTree = "<group>"; };
		25B463F724913B5C00ED5771 /* Explore.storyboard */ = {isa = PBXFileReference; lastKnownFileType = file.storyboard; path = Explore.storyboard; sourceTree = "<group>"; };
		25B463FB2491F7CF00ED5771 /* TabBar.storyboard */ = {isa = PBXFileReference; lastKnownFileType = file.storyboard; path = TabBar.storyboard; sourceTree = "<group>"; };
		25B463FF2491F96600ED5771 /* Collection.storyboard */ = {isa = PBXFileReference; lastKnownFileType = file.storyboard; path = Collection.storyboard; sourceTree = "<group>"; };
		25B464012491F96F00ED5771 /* CollectionViewController.swift */ = {isa = PBXFileReference; lastKnownFileType = sourcecode.swift; path = CollectionViewController.swift; sourceTree = "<group>"; };
		25B464032492020E00ED5771 /* ImgExploreCollectionViewCell.swift */ = {isa = PBXFileReference; lastKnownFileType = sourcecode.swift; path = ImgExploreCollectionViewCell.swift; sourceTree = "<group>"; };
		25B4642524935FBB00ED5771 /* ExploreViewController.swift */ = {isa = PBXFileReference; lastKnownFileType = sourcecode.swift; path = ExploreViewController.swift; sourceTree = "<group>"; };
		25B4642A2493620400ED5771 /* Explore1TableViewCell.swift */ = {isa = PBXFileReference; lastKnownFileType = sourcecode.swift; path = Explore1TableViewCell.swift; sourceTree = "<group>"; };
		25B4642B2493620400ED5771 /* Explore1TableViewCell.xib */ = {isa = PBXFileReference; lastKnownFileType = file.xib; path = Explore1TableViewCell.xib; sourceTree = "<group>"; };
		25B4642E2493622800ED5771 /* MountainsTableViewCell.swift */ = {isa = PBXFileReference; lastKnownFileType = sourcecode.swift; path = MountainsTableViewCell.swift; sourceTree = "<group>"; };
		25B4642F2493622800ED5771 /* MountainsTableViewCell.xib */ = {isa = PBXFileReference; lastKnownFileType = file.xib; path = MountainsTableViewCell.xib; sourceTree = "<group>"; };
		25B464322493623A00ED5771 /* BeachTableViewCell.swift */ = {isa = PBXFileReference; lastKnownFileType = sourcecode.swift; path = BeachTableViewCell.swift; sourceTree = "<group>"; };
		25B464332493623A00ED5771 /* BeachTableViewCell.xib */ = {isa = PBXFileReference; lastKnownFileType = file.xib; path = BeachTableViewCell.xib; sourceTree = "<group>"; };
		25EFAF522494BADD008CD05C /* WhatsNextCollectionViewCell.swift */ = {isa = PBXFileReference; lastKnownFileType = sourcecode.swift; path = WhatsNextCollectionViewCell.swift; sourceTree = "<group>"; };
		25EFAF532494BADD008CD05C /* WhatsNextCollectionViewCell.xib */ = {isa = PBXFileReference; lastKnownFileType = file.xib; path = WhatsNextCollectionViewCell.xib; sourceTree = "<group>"; };
		25EFAF562494BE6E008CD05C /* MyCollectionViewCell.swift */ = {isa = PBXFileReference; lastKnownFileType = sourcecode.swift; path = MyCollectionViewCell.swift; sourceTree = "<group>"; };
		25EFAF572494BE6E008CD05C /* MyCollectionViewCell.xib */ = {isa = PBXFileReference; lastKnownFileType = file.xib; path = MyCollectionViewCell.xib; sourceTree = "<group>"; };
		25EFAF5A2494D500008CD05C /* TabBarViewController.swift */ = {isa = PBXFileReference; lastKnownFileType = sourcecode.swift; path = TabBarViewController.swift; sourceTree = "<group>"; };
		713F1B29249216C900519D6A /* Slide.swift */ = {isa = PBXFileReference; lastKnownFileType = sourcecode.swift; path = Slide.swift; sourceTree = "<group>"; };
		713F1B2B249216F900519D6A /* Slide.xib */ = {isa = PBXFileReference; lastKnownFileType = file.xib; path = Slide.xib; sourceTree = "<group>"; };
		71C541202493965100FAB901 /* heavy0rain.wav */ = {isa = PBXFileReference; lastKnownFileType = audio.wav; path = heavy0rain.wav; sourceTree = "<group>"; };
		71E1A22D249266FB002360B5 /* AudioStory.storyboard */ = {isa = PBXFileReference; lastKnownFileType = file.storyboard; path = AudioStory.storyboard; sourceTree = "<group>"; };
		71E1A22F24926735002360B5 /* AudioStoryController.swift */ = {isa = PBXFileReference; lastKnownFileType = sourcecode.swift; path = AudioStoryController.swift; sourceTree = "<group>"; };
/* End PBXFileReference section */

/* Begin PBXFrameworksBuildPhase section */
		254324F9248F9C7400452180 /* Frameworks */ = {
			isa = PBXFrameworksBuildPhase;
			buildActionMask = 2147483647;
			files = (
			);
			runOnlyForDeploymentPostprocessing = 0;
		};
/* End PBXFrameworksBuildPhase section */

/* Begin PBXGroup section */
		25162038249381A00047B7AE /* Explore1 */ = {
			isa = PBXGroup;
			children = (
				2516203024936C020047B7AE /* ExploreCollectionViewCell.swift */,
				2516203124936C020047B7AE /* ExploreCollectionViewCell.xib */,
				25B4642A2493620400ED5771 /* Explore1TableViewCell.swift */,
				25B4642B2493620400ED5771 /* Explore1TableViewCell.xib */,
			);
			path = Explore1;
			sourceTree = "<group>";
		};
		25162039249381A60047B7AE /* Mountains */ = {
			isa = PBXGroup;
			children = (
				25B4642E2493622800ED5771 /* MountainsTableViewCell.swift */,
				25B4642F2493622800ED5771 /* MountainsTableViewCell.xib */,
				25162034249380BA0047B7AE /* MountainsCollectionViewCell.swift */,
				25162035249380BA0047B7AE /* MountainsCollectionViewCell.xib */,
			);
			path = Mountains;
			sourceTree = "<group>";
		};
		2516203A249381AC0047B7AE /* Beach */ = {
			isa = PBXGroup;
			children = (
				25B464322493623A00ED5771 /* BeachTableViewCell.swift */,
				25B464332493623A00ED5771 /* BeachTableViewCell.xib */,
				2516203B249392E60047B7AE /* BeachCollectionViewCell.swift */,
				2516203C249392E60047B7AE /* BeachCollectionViewCell.xib */,
			);
			path = Beach;
			sourceTree = "<group>";
		};
		251620412493DB5E0047B7AE /* Header */ = {
			isa = PBXGroup;
			children = (
				251620442493DB950047B7AE /* HeaderTableViewCell.swift */,
				251620452493DB950047B7AE /* HeaderTableViewCell.xib */,
			);
			path = Header;
			sourceTree = "<group>";
		};
		251620422493DB730047B7AE /* MyCollections */ = {
			isa = PBXGroup;
			children = (
				2516204C2493DBB40047B7AE /* MyCollectionsTableViewCell.swift */,
				2516204D2493DBB40047B7AE /* MyCollectionsTableViewCell.xib */,
				25EFAF562494BE6E008CD05C /* MyCollectionViewCell.swift */,
				25EFAF572494BE6E008CD05C /* MyCollectionViewCell.xib */,
			);
			path = MyCollections;
			sourceTree = "<group>";
		};
		251620432493DB7A0047B7AE /* WhatsNext */ = {
			isa = PBXGroup;
			children = (
				251620482493DBA50047B7AE /* WhatsNextTableViewCell.swift */,
				251620492493DBA50047B7AE /* WhatsNextTableViewCell.xib */,
				25EFAF522494BADD008CD05C /* WhatsNextCollectionViewCell.swift */,
				25EFAF532494BADD008CD05C /* WhatsNextCollectionViewCell.xib */,
			);
			path = WhatsNext;
			sourceTree = "<group>";
		};
		254324F3248F9C7400452180 = {
			isa = PBXGroup;
			children = (
				254324FE248F9C7400452180 /* NanoChallenge3 */,
				254324FD248F9C7400452180 /* Products */,
			);
			sourceTree = "<group>";
		};
		254324FD248F9C7400452180 /* Products */ = {
			isa = PBXGroup;
			children = (
				254324FC248F9C7400452180 /* NanoChallenge3.app */,
			);
			name = Products;
			sourceTree = "<group>";
		};
		254324FE248F9C7400452180 /* NanoChallenge3 */ = {
			isa = PBXGroup;
			children = (
				25B464292493619C00ED5771 /* Latest Story */,
				25B464282493618F00ED5771 /* Collections */,
				25B464272493618500ED5771 /* Explore */,
				254324FF248F9C7400452180 /* AppDelegate.swift */,
				25432501248F9C7400452180 /* SceneDelegate.swift */,
                71F513B6249228260004B353 /* Main Page */,
                71E1A23124926740002360B5 /* Audio Story Page */,
                25432503248F9C7400452180 /* ViewController.swift */,
                25432505248F9C7400452180 /* Main.storyboard */,
				71F513B6249228260004B353 /* Main Page */,
				71E1A23124926740002360B5 /* Audio Story Page */,
				25432508248F9C7600452180 /* Assets.xcassets */,
				71C5411F249395E600FAB901 /* Sound */,
				2543250A248F9C7600452180 /* LaunchScreen.storyboard */,
				2543250D248F9C7600452180 /* Info.plist */,
				25B464032492020E00ED5771 /* ImgExploreCollectionViewCell.swift */,
				25B463FB2491F7CF00ED5771 /* TabBar.storyboard */,
				25EFAF5A2494D500008CD05C /* TabBarViewController.swift */,
			);
			path = NanoChallenge3;
			sourceTree = "<group>";
		};
		25B464272493618500ED5771 /* Explore */ = {
			isa = PBXGroup;
			children = (
				25B4642524935FBB00ED5771 /* ExploreViewController.swift */,
				25B463F724913B5C00ED5771 /* Explore.storyboard */,
				25162038249381A00047B7AE /* Explore1 */,
				25162039249381A60047B7AE /* Mountains */,
				2516203A249381AC0047B7AE /* Beach */,
			);
			path = Explore;
			sourceTree = "<group>";
		};
		25B464282493618F00ED5771 /* Collections */ = {
			isa = PBXGroup;
			children = (
				25B463FF2491F96600ED5771 /* Collection.storyboard */,
				25B464012491F96F00ED5771 /* CollectionViewController.swift */,
				251620412493DB5E0047B7AE /* Header */,
				251620432493DB7A0047B7AE /* WhatsNext */,
				251620422493DB730047B7AE /* MyCollections */,
			);
			path = Collections;
			sourceTree = "<group>";
		};
		25B464292493619C00ED5771 /* Latest Story */ = {
			isa = PBXGroup;
			children = (
			);
			path = "Latest Story";
		71C5411F249395E600FAB901 /* Sound */ = {
			isa = PBXGroup;
			children = (
				71C541202493965100FAB901 /* heavy0rain.wav */,
			);
			path = Sound;
			sourceTree = "<group>";
		};
		71E1A23124926740002360B5 /* Audio Story Page */ = {
			isa = PBXGroup;
			children = (
				71E1A22D249266FB002360B5 /* AudioStory.storyboard */,
				71E1A22F24926735002360B5 /* AudioStoryController.swift */,
			);
			path = "Audio Story Page";
			sourceTree = "<group>";
		};
		71F513B6249228260004B353 /* Main Page */ = {
			isa = PBXGroup;
			children = (
				25432503248F9C7400452180 /* ViewController.swift */,
				713F1B29249216C900519D6A /* Slide.swift */,
				25432505248F9C7400452180 /* Main.storyboard */,
				713F1B2B249216F900519D6A /* Slide.xib */,
			);
			path = "Main Page";
			sourceTree = "<group>";
		};
/* End PBXGroup section */

/* Begin PBXNativeTarget section */
		254324FB248F9C7400452180 /* NanoChallenge3 */ = {
			isa = PBXNativeTarget;
			buildConfigurationList = 25432510248F9C7600452180 /* Build configuration list for PBXNativeTarget "NanoChallenge3" */;
			buildPhases = (
				254324F8248F9C7400452180 /* Sources */,
				254324F9248F9C7400452180 /* Frameworks */,
				254324FA248F9C7400452180 /* Resources */,
			);
			buildRules = (
			);
			dependencies = (
			);
			name = NanoChallenge3;
			productName = NanoChallenge3;
			productReference = 254324FC248F9C7400452180 /* NanoChallenge3.app */;
			productType = "com.apple.product-type.application";
		};
/* End PBXNativeTarget section */

/* Begin PBXProject section */
		254324F4248F9C7400452180 /* Project object */ = {
			isa = PBXProject;
			attributes = {
				LastSwiftUpdateCheck = 1150;
				LastUpgradeCheck = 1150;
				ORGANIZATIONNAME = "Intan Yoshana";
				TargetAttributes = {
					254324FB248F9C7400452180 = {
						CreatedOnToolsVersion = 11.5;
					};
				};
			};
			buildConfigurationList = 254324F7248F9C7400452180 /* Build configuration list for PBXProject "NanoChallenge3" */;
			compatibilityVersion = "Xcode 9.3";
			developmentRegion = en;
			hasScannedForEncodings = 0;
			knownRegions = (
				en,
				Base,
			);
			mainGroup = 254324F3248F9C7400452180;
			productRefGroup = 254324FD248F9C7400452180 /* Products */;
			projectDirPath = "";
			projectRoot = "";
			targets = (
				254324FB248F9C7400452180 /* NanoChallenge3 */,
			);
		};
/* End PBXProject section */

/* Begin PBXResourcesBuildPhase section */
		254324FA248F9C7400452180 /* Resources */ = {
			isa = PBXResourcesBuildPhase;
			buildActionMask = 2147483647;
			files = (
				25B464002491F96600ED5771 /* Collection.storyboard in Resources */,
				25B463FC2491F7CF00ED5771 /* TabBar.storyboard in Resources */,
				2516203E249392E60047B7AE /* BeachCollectionViewCell.xib in Resources */,
				2516203324936C020047B7AE /* ExploreCollectionViewCell.xib in Resources */,
				25B463F824913B5C00ED5771 /* Explore.storyboard in Resources */,
				2516204F2493DBB40047B7AE /* MyCollectionsTableViewCell.xib in Resources */,
				25162037249380BA0047B7AE /* MountainsCollectionViewCell.xib in Resources */,
				2543250C248F9C7600452180 /* LaunchScreen.storyboard in Resources */,
				251620472493DB950047B7AE /* HeaderTableViewCell.xib in Resources */,
				25EFAF592494BE6E008CD05C /* MyCollectionViewCell.xib in Resources */,
				2516204B2493DBA50047B7AE /* WhatsNextTableViewCell.xib in Resources */,
				25B464312493622800ED5771 /* MountainsTableViewCell.xib in Resources */,
				25432509248F9C7600452180 /* Assets.xcassets in Resources */,
				25432507248F9C7400452180 /* Main.storyboard in Resources */,
				25EFAF552494BADD008CD05C /* WhatsNextCollectionViewCell.xib in Resources */,
				25B4642D2493620400ED5771 /* Explore1TableViewCell.xib in Resources */,
				25B464352493623A00ED5771 /* BeachTableViewCell.xib in Resources */,
				71E1A22E249266FB002360B5 /* AudioStory.storyboard in Resources */,
				25432509248F9C7600452180 /* Assets.xcassets in Resources */,
				71C541212493965100FAB901 /* heavy0rain.wav in Resources */,
				25432507248F9C7400452180 /* Main.storyboard in Resources */,
				713F1B2C249216F900519D6A /* Slide.xib in Resources */,
			);
			runOnlyForDeploymentPostprocessing = 0;
		};
/* End PBXResourcesBuildPhase section */

/* Begin PBXSourcesBuildPhase section */
		254324F8248F9C7400452180 /* Sources */ = {
			isa = PBXSourcesBuildPhase;
			buildActionMask = 2147483647;
			files = (
				2516203D249392E60047B7AE /* BeachCollectionViewCell.swift in Sources */,
				25B464022491F96F00ED5771 /* CollectionViewController.swift in Sources */,
				25EFAF582494BE6E008CD05C /* MyCollectionViewCell.swift in Sources */,
				25B4642C2493620400ED5771 /* Explore1TableViewCell.swift in Sources */,
				25EFAF5B2494D500008CD05C /* TabBarViewController.swift in Sources */,
				25432504248F9C7400452180 /* ViewController.swift in Sources */,
				25432500248F9C7400452180 /* AppDelegate.swift in Sources */,
				2516204E2493DBB40047B7AE /* MyCollectionsTableViewCell.swift in Sources */,
				25B464042492020E00ED5771 /* ImgExploreCollectionViewCell.swift in Sources */,
				25B4642624935FBB00ED5771 /* ExploreViewController.swift in Sources */,
				25162036249380BA0047B7AE /* MountainsCollectionViewCell.swift in Sources */,
				2516203224936C020047B7AE /* ExploreCollectionViewCell.swift in Sources */,
				25EFAF542494BADD008CD05C /* WhatsNextCollectionViewCell.swift in Sources */,
				251620462493DB950047B7AE /* HeaderTableViewCell.swift in Sources */,
				25B464342493623A00ED5771 /* BeachTableViewCell.swift in Sources */,
				25B464302493622800ED5771 /* MountainsTableViewCell.swift in Sources */,
				2516204A2493DBA50047B7AE /* WhatsNextTableViewCell.swift in Sources */,
				71E1A23024926735002360B5 /* AudioStoryController.swift in Sources */,
				25432502248F9C7400452180 /* SceneDelegate.swift in Sources */,
				713F1B2A249216C900519D6A /* Slide.swift in Sources */,
			);
			runOnlyForDeploymentPostprocessing = 0;
		};
/* End PBXSourcesBuildPhase section */

/* Begin PBXVariantGroup section */
		25432505248F9C7400452180 /* Main.storyboard */ = {
			isa = PBXVariantGroup;
			children = (
				25432506248F9C7400452180 /* Base */,
			);
			name = Main.storyboard;
			sourceTree = "<group>";
		};
		2543250A248F9C7600452180 /* LaunchScreen.storyboard */ = {
			isa = PBXVariantGroup;
			children = (
				2543250B248F9C7600452180 /* Base */,
			);
			name = LaunchScreen.storyboard;
			sourceTree = "<group>";
		};
/* End PBXVariantGroup section */

/* Begin XCBuildConfiguration section */
		2543250E248F9C7600452180 /* Debug */ = {
			isa = XCBuildConfiguration;
			buildSettings = {
				ALWAYS_SEARCH_USER_PATHS = NO;
				CLANG_ANALYZER_NONNULL = YES;
				CLANG_ANALYZER_NUMBER_OBJECT_CONVERSION = YES_AGGRESSIVE;
				CLANG_CXX_LANGUAGE_STANDARD = "gnu++14";
				CLANG_CXX_LIBRARY = "libc++";
				CLANG_ENABLE_MODULES = YES;
				CLANG_ENABLE_OBJC_ARC = YES;
				CLANG_ENABLE_OBJC_WEAK = YES;
				CLANG_WARN_BLOCK_CAPTURE_AUTORELEASING = YES;
				CLANG_WARN_BOOL_CONVERSION = YES;
				CLANG_WARN_COMMA = YES;
				CLANG_WARN_CONSTANT_CONVERSION = YES;
				CLANG_WARN_DEPRECATED_OBJC_IMPLEMENTATIONS = YES;
				CLANG_WARN_DIRECT_OBJC_ISA_USAGE = YES_ERROR;
				CLANG_WARN_DOCUMENTATION_COMMENTS = YES;
				CLANG_WARN_EMPTY_BODY = YES;
				CLANG_WARN_ENUM_CONVERSION = YES;
				CLANG_WARN_INFINITE_RECURSION = YES;
				CLANG_WARN_INT_CONVERSION = YES;
				CLANG_WARN_NON_LITERAL_NULL_CONVERSION = YES;
				CLANG_WARN_OBJC_IMPLICIT_RETAIN_SELF = YES;
				CLANG_WARN_OBJC_LITERAL_CONVERSION = YES;
				CLANG_WARN_OBJC_ROOT_CLASS = YES_ERROR;
				CLANG_WARN_RANGE_LOOP_ANALYSIS = YES;
				CLANG_WARN_STRICT_PROTOTYPES = YES;
				CLANG_WARN_SUSPICIOUS_MOVE = YES;
				CLANG_WARN_UNGUARDED_AVAILABILITY = YES_AGGRESSIVE;
				CLANG_WARN_UNREACHABLE_CODE = YES;
				CLANG_WARN__DUPLICATE_METHOD_MATCH = YES;
				COPY_PHASE_STRIP = NO;
				DEBUG_INFORMATION_FORMAT = dwarf;
				ENABLE_STRICT_OBJC_MSGSEND = YES;
				ENABLE_TESTABILITY = YES;
				GCC_C_LANGUAGE_STANDARD = gnu11;
				GCC_DYNAMIC_NO_PIC = NO;
				GCC_NO_COMMON_BLOCKS = YES;
				GCC_OPTIMIZATION_LEVEL = 0;
				GCC_PREPROCESSOR_DEFINITIONS = (
					"DEBUG=1",
					"$(inherited)",
				);
				GCC_WARN_64_TO_32_BIT_CONVERSION = YES;
				GCC_WARN_ABOUT_RETURN_TYPE = YES_ERROR;
				GCC_WARN_UNDECLARED_SELECTOR = YES;
				GCC_WARN_UNINITIALIZED_AUTOS = YES_AGGRESSIVE;
				GCC_WARN_UNUSED_FUNCTION = YES;
				GCC_WARN_UNUSED_VARIABLE = YES;
				IPHONEOS_DEPLOYMENT_TARGET = 13.5;
				MTL_ENABLE_DEBUG_INFO = INCLUDE_SOURCE;
				MTL_FAST_MATH = YES;
				ONLY_ACTIVE_ARCH = YES;
				SDKROOT = iphoneos;
				SWIFT_ACTIVE_COMPILATION_CONDITIONS = DEBUG;
				SWIFT_OPTIMIZATION_LEVEL = "-Onone";
			};
			name = Debug;
		};
		2543250F248F9C7600452180 /* Release */ = {
			isa = XCBuildConfiguration;
			buildSettings = {
				ALWAYS_SEARCH_USER_PATHS = NO;
				CLANG_ANALYZER_NONNULL = YES;
				CLANG_ANALYZER_NUMBER_OBJECT_CONVERSION = YES_AGGRESSIVE;
				CLANG_CXX_LANGUAGE_STANDARD = "gnu++14";
				CLANG_CXX_LIBRARY = "libc++";
				CLANG_ENABLE_MODULES = YES;
				CLANG_ENABLE_OBJC_ARC = YES;
				CLANG_ENABLE_OBJC_WEAK = YES;
				CLANG_WARN_BLOCK_CAPTURE_AUTORELEASING = YES;
				CLANG_WARN_BOOL_CONVERSION = YES;
				CLANG_WARN_COMMA = YES;
				CLANG_WARN_CONSTANT_CONVERSION = YES;
				CLANG_WARN_DEPRECATED_OBJC_IMPLEMENTATIONS = YES;
				CLANG_WARN_DIRECT_OBJC_ISA_USAGE = YES_ERROR;
				CLANG_WARN_DOCUMENTATION_COMMENTS = YES;
				CLANG_WARN_EMPTY_BODY = YES;
				CLANG_WARN_ENUM_CONVERSION = YES;
				CLANG_WARN_INFINITE_RECURSION = YES;
				CLANG_WARN_INT_CONVERSION = YES;
				CLANG_WARN_NON_LITERAL_NULL_CONVERSION = YES;
				CLANG_WARN_OBJC_IMPLICIT_RETAIN_SELF = YES;
				CLANG_WARN_OBJC_LITERAL_CONVERSION = YES;
				CLANG_WARN_OBJC_ROOT_CLASS = YES_ERROR;
				CLANG_WARN_RANGE_LOOP_ANALYSIS = YES;
				CLANG_WARN_STRICT_PROTOTYPES = YES;
				CLANG_WARN_SUSPICIOUS_MOVE = YES;
				CLANG_WARN_UNGUARDED_AVAILABILITY = YES_AGGRESSIVE;
				CLANG_WARN_UNREACHABLE_CODE = YES;
				CLANG_WARN__DUPLICATE_METHOD_MATCH = YES;
				COPY_PHASE_STRIP = NO;
				DEBUG_INFORMATION_FORMAT = "dwarf-with-dsym";
				ENABLE_NS_ASSERTIONS = NO;
				ENABLE_STRICT_OBJC_MSGSEND = YES;
				GCC_C_LANGUAGE_STANDARD = gnu11;
				GCC_NO_COMMON_BLOCKS = YES;
				GCC_WARN_64_TO_32_BIT_CONVERSION = YES;
				GCC_WARN_ABOUT_RETURN_TYPE = YES_ERROR;
				GCC_WARN_UNDECLARED_SELECTOR = YES;
				GCC_WARN_UNINITIALIZED_AUTOS = YES_AGGRESSIVE;
				GCC_WARN_UNUSED_FUNCTION = YES;
				GCC_WARN_UNUSED_VARIABLE = YES;
				IPHONEOS_DEPLOYMENT_TARGET = 13.5;
				MTL_ENABLE_DEBUG_INFO = NO;
				MTL_FAST_MATH = YES;
				SDKROOT = iphoneos;
				SWIFT_COMPILATION_MODE = wholemodule;
				SWIFT_OPTIMIZATION_LEVEL = "-O";
				VALIDATE_PRODUCT = YES;
			};
			name = Release;
		};
		25432511248F9C7600452180 /* Debug */ = {
			isa = XCBuildConfiguration;
			buildSettings = {
				ASSETCATALOG_COMPILER_APPICON_NAME = AppIcon;
				CODE_SIGN_STYLE = Automatic;
				DEVELOPMENT_TEAM = 3NKS4UF4NS;
				INFOPLIST_FILE = NanoChallenge3/Info.plist;
				IPHONEOS_DEPLOYMENT_TARGET = 13.4;
				LD_RUNPATH_SEARCH_PATHS = (
					"$(inherited)",
					"@executable_path/Frameworks",
				);
				PRODUCT_BUNDLE_IDENTIFIER = "Apple-Developer-Academy.NanoChallenge3";
				PRODUCT_NAME = "$(TARGET_NAME)";
				SWIFT_VERSION = 5.0;
				TARGETED_DEVICE_FAMILY = "1,2";
			};
			name = Debug;
		};
		25432512248F9C7600452180 /* Release */ = {
			isa = XCBuildConfiguration;
			buildSettings = {
				ASSETCATALOG_COMPILER_APPICON_NAME = AppIcon;
				CODE_SIGN_STYLE = Automatic;
				DEVELOPMENT_TEAM = 3NKS4UF4NS;
				INFOPLIST_FILE = NanoChallenge3/Info.plist;
				IPHONEOS_DEPLOYMENT_TARGET = 13.4;
				LD_RUNPATH_SEARCH_PATHS = (
					"$(inherited)",
					"@executable_path/Frameworks",
				);
				PRODUCT_BUNDLE_IDENTIFIER = "Apple-Developer-Academy.NanoChallenge3";
				PRODUCT_NAME = "$(TARGET_NAME)";
				SWIFT_VERSION = 5.0;
				TARGETED_DEVICE_FAMILY = "1,2";
			};
			name = Release;
		};
/* End XCBuildConfiguration section */

/* Begin XCConfigurationList section */
		254324F7248F9C7400452180 /* Build configuration list for PBXProject "NanoChallenge3" */ = {
			isa = XCConfigurationList;
			buildConfigurations = (
				2543250E248F9C7600452180 /* Debug */,
				2543250F248F9C7600452180 /* Release */,
			);
			defaultConfigurationIsVisible = 0;
			defaultConfigurationName = Release;
		};
		25432510248F9C7600452180 /* Build configuration list for PBXNativeTarget "NanoChallenge3" */ = {
			isa = XCConfigurationList;
			buildConfigurations = (
				25432511248F9C7600452180 /* Debug */,
				25432512248F9C7600452180 /* Release */,
			);
			defaultConfigurationIsVisible = 0;
			defaultConfigurationName = Release;
		};
/* End XCConfigurationList section */
	};
	rootObject = 254324F4248F9C7400452180 /* Project object */;
}
